
Microsoft Visual Studio Solution File, Format Version 12.00
# Visual Studio 15
VisualStudioVersion = 15.0.28010.2036
MinimumVisualStudioVersion = 10.0.40219.1
Project("{FAE04EC0-301F-11D3-BF4B-00C04F79EFBC}") = "WindowsFormsApp1", "WindowsFormsApp1\WindowsFormsApp1.csproj", "{360512F7-0F52-47FC-A042-931C9387F6DE}"
EndProject
Global
	GlobalSection(SolutionConfigurationPlatforms) = preSolution
		Debug|Any CPU = Debug|Any CPU
		Release|Any CPU = Release|Any CPU
	EndGlobalSection
	GlobalSection(ProjectConfigurationPlatforms) = postSolution
		{360512F7-0F52-47FC-A042-931C9387F6DE}.Debug|Any CPU.ActiveCfg = Debug|Any CPU
		{360512F7-0F52-47FC-A042-931C9387F6DE}.Debug|Any CPU.Build.0 = Debug|Any CPU
		{360512F7-0F52-47FC-A042-931C9387F6DE}.Release|Any CPU.ActiveCfg = Release|Any CPU
		{360512F7-0F52-47FC-A042-931C9387F6DE}.Release|Any CPU.Build.0 = Release|Any CPU
	EndGlobalSection
	GlobalSection(SolutionProperties) = preSolution
		HideSolutionNode = FALSE
	EndGlobalSection
	GlobalSection(ExtensibilityGlobals) = postSolution
		SolutionGuid = {F3B9D0A1-217E-4B21-9433-D45560A25DE4}
	EndGlobalSection
EndGlobal
