
Microsoft Visual Studio Solution File, Format Version 12.00
# Visual Studio 15
VisualStudioVersion = 15.0.28307.136
MinimumVisualStudioVersion = 10.0.40219.1
Project("{FAE04EC0-301F-11D3-BF4B-00C04F79EFBC}") = "182_army", "182_army\182_army.csproj", "{060AE177-A637-4350-90D4-BF29EE173DEE}"
EndProject
Global
	GlobalSection(SolutionConfigurationPlatforms) = preSolution
		Debug|Any CPU = Debug|Any CPU
		Release|Any CPU = Release|Any CPU
	EndGlobalSection
	GlobalSection(ProjectConfigurationPlatforms) = postSolution
		{060AE177-A637-4350-90D4-BF29EE173DEE}.Debug|Any CPU.ActiveCfg = Debug|Any CPU
		{060AE177-A637-4350-90D4-BF29EE173DEE}.Debug|Any CPU.Build.0 = Debug|Any CPU
		{060AE177-A637-4350-90D4-BF29EE173DEE}.Release|Any CPU.ActiveCfg = Release|Any CPU
		{060AE177-A637-4350-90D4-BF29EE173DEE}.Release|Any CPU.Build.0 = Release|Any CPU
	EndGlobalSection
	GlobalSection(SolutionProperties) = preSolution
		HideSolutionNode = FALSE
	EndGlobalSection
	GlobalSection(ExtensibilityGlobals) = postSolution
		SolutionGuid = {DA2F4810-F4C8-47F0-90A3-CCD53E867874}
	EndGlobalSection
EndGlobal
