
Microsoft Visual Studio Solution File, Format Version 12.00
# Visual Studio 15
VisualStudioVersion = 15.0.28307.136
MinimumVisualStudioVersion = 10.0.40219.1
Project("{FAE04EC0-301F-11D3-BF4B-00C04F79EFBC}") = "991 shablon", "991 shablon\991 shablon.csproj", "{69EFC001-ABE4-4598-86B5-670CF6955E07}"
EndProject
Global
	GlobalSection(SolutionConfigurationPlatforms) = preSolution
		Debug|Any CPU = Debug|Any CPU
		Release|Any CPU = Release|Any CPU
	EndGlobalSection
	GlobalSection(ProjectConfigurationPlatforms) = postSolution
		{69EFC001-ABE4-4598-86B5-670CF6955E07}.Debug|Any CPU.ActiveCfg = Debug|Any CPU
		{69EFC001-ABE4-4598-86B5-670CF6955E07}.Debug|Any CPU.Build.0 = Debug|Any CPU
		{69EFC001-ABE4-4598-86B5-670CF6955E07}.Release|Any CPU.ActiveCfg = Release|Any CPU
		{69EFC001-ABE4-4598-86B5-670CF6955E07}.Release|Any CPU.Build.0 = Release|Any CPU
	EndGlobalSection
	GlobalSection(SolutionProperties) = preSolution
		HideSolutionNode = FALSE
	EndGlobalSection
	GlobalSection(ExtensibilityGlobals) = postSolution
		SolutionGuid = {8504715E-6C55-4EB4-9BD2-5F6D63EB7E40}
	EndGlobalSection
EndGlobal
