
Microsoft Visual Studio Solution File, Format Version 12.00
# Visual Studio 15
VisualStudioVersion = 15.0.28307.645
MinimumVisualStudioVersion = 10.0.40219.1
Project("{FAE04EC0-301F-11D3-BF4B-00C04F79EFBC}") = "FilmLab2.2", "FilmLab2.2\FilmLab2.2.csproj", "{8F28115C-C886-4E42-A515-3CF8FC1FEE14}"
EndProject
Global
	GlobalSection(SolutionConfigurationPlatforms) = preSolution
		Debug|Any CPU = Debug|Any CPU
		Release|Any CPU = Release|Any CPU
	EndGlobalSection
	GlobalSection(ProjectConfigurationPlatforms) = postSolution
		{8F28115C-C886-4E42-A515-3CF8FC1FEE14}.Debug|Any CPU.ActiveCfg = Debug|Any CPU
		{8F28115C-C886-4E42-A515-3CF8FC1FEE14}.Debug|Any CPU.Build.0 = Debug|Any CPU
		{8F28115C-C886-4E42-A515-3CF8FC1FEE14}.Release|Any CPU.ActiveCfg = Release|Any CPU
		{8F28115C-C886-4E42-A515-3CF8FC1FEE14}.Release|Any CPU.Build.0 = Release|Any CPU
	EndGlobalSection
	GlobalSection(SolutionProperties) = preSolution
		HideSolutionNode = FALSE
	EndGlobalSection
	GlobalSection(ExtensibilityGlobals) = postSolution
		SolutionGuid = {42164FA5-8DB6-499F-A874-8F224AC4847E}
	EndGlobalSection
EndGlobal
