
Microsoft Visual Studio Solution File, Format Version 12.00
# Visual Studio 15
VisualStudioVersion = 15.0.28307.136
MinimumVisualStudioVersion = 10.0.40219.1
Project("{FAE04EC0-301F-11D3-BF4B-00C04F79EFBC}") = "44 sum", "44 sum\44 sum.csproj", "{D7990038-B174-49FC-92E7-5ABA079CB6FE}"
EndProject
Global
	GlobalSection(SolutionConfigurationPlatforms) = preSolution
		Debug|Any CPU = Debug|Any CPU
		Release|Any CPU = Release|Any CPU
	EndGlobalSection
	GlobalSection(ProjectConfigurationPlatforms) = postSolution
		{D7990038-B174-49FC-92E7-5ABA079CB6FE}.Debug|Any CPU.ActiveCfg = Debug|Any CPU
		{D7990038-B174-49FC-92E7-5ABA079CB6FE}.Debug|Any CPU.Build.0 = Debug|Any CPU
		{D7990038-B174-49FC-92E7-5ABA079CB6FE}.Release|Any CPU.ActiveCfg = Release|Any CPU
		{D7990038-B174-49FC-92E7-5ABA079CB6FE}.Release|Any CPU.Build.0 = Release|Any CPU
	EndGlobalSection
	GlobalSection(SolutionProperties) = preSolution
		HideSolutionNode = FALSE
	EndGlobalSection
	GlobalSection(ExtensibilityGlobals) = postSolution
		SolutionGuid = {0B06E000-6A27-4D9B-880B-7C34772D82BD}
	EndGlobalSection
EndGlobal
