
Microsoft Visual Studio Solution File, Format Version 12.00
# Visual Studio 15
VisualStudioVersion = 15.0.28010.2048
MinimumVisualStudioVersion = 10.0.40219.1
Project("{FAE04EC0-301F-11D3-BF4B-00C04F79EFBC}") = "Mini_excel_lab2", "Mini_excel_lab2\Mini_excel_lab2.csproj", "{AA35D498-15DE-454F-B5E0-7A2915C6F20A}"
EndProject
Global
	GlobalSection(SolutionConfigurationPlatforms) = preSolution
		Debug|Any CPU = Debug|Any CPU
		Release|Any CPU = Release|Any CPU
	EndGlobalSection
	GlobalSection(ProjectConfigurationPlatforms) = postSolution
		{AA35D498-15DE-454F-B5E0-7A2915C6F20A}.Debug|Any CPU.ActiveCfg = Debug|Any CPU
		{AA35D498-15DE-454F-B5E0-7A2915C6F20A}.Debug|Any CPU.Build.0 = Debug|Any CPU
		{AA35D498-15DE-454F-B5E0-7A2915C6F20A}.Release|Any CPU.ActiveCfg = Release|Any CPU
		{AA35D498-15DE-454F-B5E0-7A2915C6F20A}.Release|Any CPU.Build.0 = Release|Any CPU
	EndGlobalSection
	GlobalSection(SolutionProperties) = preSolution
		HideSolutionNode = FALSE
	EndGlobalSection
	GlobalSection(ExtensibilityGlobals) = postSolution
		SolutionGuid = {C029BBA4-93BC-4982-AA03-FE22AE1864CE}
	EndGlobalSection
EndGlobal
