
Microsoft Visual Studio Solution File, Format Version 12.00
# Visual Studio 15
VisualStudioVersion = 15.0.28307.136
MinimumVisualStudioVersion = 10.0.40219.1
Project("{FAE04EC0-301F-11D3-BF4B-00C04F79EFBC}") = "66_director", "66_director\66_director.csproj", "{B32C22A4-6B7E-494F-BB1C-4BF004721109}"
EndProject
Global
	GlobalSection(SolutionConfigurationPlatforms) = preSolution
		Debug|Any CPU = Debug|Any CPU
		Release|Any CPU = Release|Any CPU
	EndGlobalSection
	GlobalSection(ProjectConfigurationPlatforms) = postSolution
		{B32C22A4-6B7E-494F-BB1C-4BF004721109}.Debug|Any CPU.ActiveCfg = Debug|Any CPU
		{B32C22A4-6B7E-494F-BB1C-4BF004721109}.Debug|Any CPU.Build.0 = Debug|Any CPU
		{B32C22A4-6B7E-494F-BB1C-4BF004721109}.Release|Any CPU.ActiveCfg = Release|Any CPU
		{B32C22A4-6B7E-494F-BB1C-4BF004721109}.Release|Any CPU.Build.0 = Release|Any CPU
	EndGlobalSection
	GlobalSection(SolutionProperties) = preSolution
		HideSolutionNode = FALSE
	EndGlobalSection
	GlobalSection(ExtensibilityGlobals) = postSolution
		SolutionGuid = {10E6BCFB-3791-45D2-A2AB-F052FBEF9E9E}
	EndGlobalSection
EndGlobal
