
Microsoft Visual Studio Solution File, Format Version 12.00
# Visual Studio 15
VisualStudioVersion = 15.0.28307.136
MinimumVisualStudioVersion = 10.0.40219.1
Project("{FAE04EC0-301F-11D3-BF4B-00C04F79EFBC}") = "26_presents", "26_presents\26_presents.csproj", "{B04FA576-986F-49CD-B241-CC3404E67D18}"
EndProject
Global
	GlobalSection(SolutionConfigurationPlatforms) = preSolution
		Debug|Any CPU = Debug|Any CPU
		Release|Any CPU = Release|Any CPU
	EndGlobalSection
	GlobalSection(ProjectConfigurationPlatforms) = postSolution
		{B04FA576-986F-49CD-B241-CC3404E67D18}.Debug|Any CPU.ActiveCfg = Debug|Any CPU
		{B04FA576-986F-49CD-B241-CC3404E67D18}.Debug|Any CPU.Build.0 = Debug|Any CPU
		{B04FA576-986F-49CD-B241-CC3404E67D18}.Release|Any CPU.ActiveCfg = Release|Any CPU
		{B04FA576-986F-49CD-B241-CC3404E67D18}.Release|Any CPU.Build.0 = Release|Any CPU
	EndGlobalSection
	GlobalSection(SolutionProperties) = preSolution
		HideSolutionNode = FALSE
	EndGlobalSection
	GlobalSection(ExtensibilityGlobals) = postSolution
		SolutionGuid = {65776779-DDBE-492F-AA0E-F0CBE7E0D449}
	EndGlobalSection
EndGlobal
