
Microsoft Visual Studio Solution File, Format Version 12.00
# Visual Studio 15
VisualStudioVersion = 15.0.28010.2036
MinimumVisualStudioVersion = 10.0.40219.1
Project("{FAE04EC0-301F-11D3-BF4B-00C04F79EFBC}") = "Syntaks", "Syntaks\Syntaks.csproj", "{3EBB776E-87B1-44CC-AA46-509121F30440}"
EndProject
Global
	GlobalSection(SolutionConfigurationPlatforms) = preSolution
		Debug|Any CPU = Debug|Any CPU
		Release|Any CPU = Release|Any CPU
	EndGlobalSection
	GlobalSection(ProjectConfigurationPlatforms) = postSolution
		{3EBB776E-87B1-44CC-AA46-509121F30440}.Debug|Any CPU.ActiveCfg = Debug|Any CPU
		{3EBB776E-87B1-44CC-AA46-509121F30440}.Debug|Any CPU.Build.0 = Debug|Any CPU
		{3EBB776E-87B1-44CC-AA46-509121F30440}.Release|Any CPU.ActiveCfg = Release|Any CPU
		{3EBB776E-87B1-44CC-AA46-509121F30440}.Release|Any CPU.Build.0 = Release|Any CPU
	EndGlobalSection
	GlobalSection(SolutionProperties) = preSolution
		HideSolutionNode = FALSE
	EndGlobalSection
	GlobalSection(ExtensibilityGlobals) = postSolution
		SolutionGuid = {431B36D0-E785-4DE9-A12A-178ECB35F8F1}
	EndGlobalSection
EndGlobal
