
Microsoft Visual Studio Solution File, Format Version 12.00
# Visual Studio 15
VisualStudioVersion = 15.0.28307.136
MinimumVisualStudioVersion = 10.0.40219.1
Project("{FAE04EC0-301F-11D3-BF4B-00C04F79EFBC}") = "115 dvi cifry", "115 dvi cifry\115 dvi cifry.csproj", "{10AFAC08-90ED-457A-B91B-652FE61B1AEC}"
EndProject
Global
	GlobalSection(SolutionConfigurationPlatforms) = preSolution
		Debug|Any CPU = Debug|Any CPU
		Release|Any CPU = Release|Any CPU
	EndGlobalSection
	GlobalSection(ProjectConfigurationPlatforms) = postSolution
		{10AFAC08-90ED-457A-B91B-652FE61B1AEC}.Debug|Any CPU.ActiveCfg = Debug|Any CPU
		{10AFAC08-90ED-457A-B91B-652FE61B1AEC}.Debug|Any CPU.Build.0 = Debug|Any CPU
		{10AFAC08-90ED-457A-B91B-652FE61B1AEC}.Release|Any CPU.ActiveCfg = Release|Any CPU
		{10AFAC08-90ED-457A-B91B-652FE61B1AEC}.Release|Any CPU.Build.0 = Release|Any CPU
	EndGlobalSection
	GlobalSection(SolutionProperties) = preSolution
		HideSolutionNode = FALSE
	EndGlobalSection
	GlobalSection(ExtensibilityGlobals) = postSolution
		SolutionGuid = {CCF20003-9469-483C-BDC9-6A4C61FA8047}
	EndGlobalSection
EndGlobal
