
Microsoft Visual Studio Solution File, Format Version 12.00
# Visual Studio 15
VisualStudioVersion = 15.0.28307.489
MinimumVisualStudioVersion = 10.0.40219.1
Project("{FAE04EC0-301F-11D3-BF4B-00C04F79EFBC}") = "WinFormFilmsBD", "WinFormFilmsBD\WinFormFilmsBD.csproj", "{59F6CE06-BBD6-455C-B50F-5CE7B7D82D7B}"
EndProject
Project("{FAE04EC0-301F-11D3-BF4B-00C04F79EFBC}") = "FilmsData", "FilmsData\FilmsData.csproj", "{5A5FF1B9-7ABB-4DB4-A978-529242F0E1C0}"
EndProject
Project("{FAE04EC0-301F-11D3-BF4B-00C04F79EFBC}") = "KalichFilms", "KalichFilms\KalichFilms.csproj", "{573F577C-EFA3-48A5-8DBD-2BEF89C56486}"
EndProject
Global
	GlobalSection(SolutionConfigurationPlatforms) = preSolution
		Debug|Any CPU = Debug|Any CPU
		Release|Any CPU = Release|Any CPU
	EndGlobalSection
	GlobalSection(ProjectConfigurationPlatforms) = postSolution
		{59F6CE06-BBD6-455C-B50F-5CE7B7D82D7B}.Debug|Any CPU.ActiveCfg = Debug|Any CPU
		{59F6CE06-BBD6-455C-B50F-5CE7B7D82D7B}.Debug|Any CPU.Build.0 = Debug|Any CPU
		{59F6CE06-BBD6-455C-B50F-5CE7B7D82D7B}.Release|Any CPU.ActiveCfg = Release|Any CPU
		{59F6CE06-BBD6-455C-B50F-5CE7B7D82D7B}.Release|Any CPU.Build.0 = Release|Any CPU
		{5A5FF1B9-7ABB-4DB4-A978-529242F0E1C0}.Debug|Any CPU.ActiveCfg = Debug|Any CPU
		{5A5FF1B9-7ABB-4DB4-A978-529242F0E1C0}.Debug|Any CPU.Build.0 = Debug|Any CPU
		{5A5FF1B9-7ABB-4DB4-A978-529242F0E1C0}.Release|Any CPU.ActiveCfg = Release|Any CPU
		{5A5FF1B9-7ABB-4DB4-A978-529242F0E1C0}.Release|Any CPU.Build.0 = Release|Any CPU
		{573F577C-EFA3-48A5-8DBD-2BEF89C56486}.Debug|Any CPU.ActiveCfg = Debug|Any CPU
		{573F577C-EFA3-48A5-8DBD-2BEF89C56486}.Debug|Any CPU.Build.0 = Debug|Any CPU
		{573F577C-EFA3-48A5-8DBD-2BEF89C56486}.Release|Any CPU.ActiveCfg = Release|Any CPU
		{573F577C-EFA3-48A5-8DBD-2BEF89C56486}.Release|Any CPU.Build.0 = Release|Any CPU
	EndGlobalSection
	GlobalSection(SolutionProperties) = preSolution
		HideSolutionNode = FALSE
	EndGlobalSection
	GlobalSection(ExtensibilityGlobals) = postSolution
		SolutionGuid = {CBF63D8C-E20E-457C-BA2F-17AE2233A81A}
	EndGlobalSection
EndGlobal
